
Microsoft Visual Studio Solution File, Format Version 12.00
# Visual Studio 15
VisualStudioVersion = 15.0.26430.15
MinimumVisualStudioVersion = 10.0.40219.1
Project("{FAE04EC0-301F-11D3-BF4B-00C04F79EFBC}") = "GdzieIzKim", "GdzieIzKim\GdzieIzKim.csproj", "{75E51C4E-C51B-42DF-B771-8825FB982ECB}"
EndProject
Global
	GlobalSection(SolutionConfigurationPlatforms) = preSolution
		Debug|Any CPU = Debug|Any CPU
		Release|Any CPU = Release|Any CPU
	EndGlobalSection
	GlobalSection(ProjectConfigurationPlatforms) = postSolution
		{75E51C4E-C51B-42DF-B771-8825FB982ECB}.Debug|Any CPU.ActiveCfg = Debug|Any CPU
		{75E51C4E-C51B-42DF-B771-8825FB982ECB}.Debug|Any CPU.Build.0 = Debug|Any CPU
		{75E51C4E-C51B-42DF-B771-8825FB982ECB}.Release|Any CPU.ActiveCfg = Release|Any CPU
		{75E51C4E-C51B-42DF-B771-8825FB982ECB}.Release|Any CPU.Build.0 = Release|Any CPU
	EndGlobalSection
	GlobalSection(SolutionProperties) = preSolution
		HideSolutionNode = FALSE
	EndGlobalSection
EndGlobal
